
Microsoft Visual Studio Solution File, Format Version 12.00
# Visual Studio Version 17
VisualStudioVersion = 17.14.36915.13 d17.14
MinimumVisualStudioVersion = 10.0.40219.1
Project("{FAE04EC0-301F-11D3-BF4B-00C04F79EFBC}") = "Mapa_de_Clases", "Mapa_de_Clases.csproj", "{B39170A1-552C-498B-9B30-3B42F1EB5098}"
EndProject
Global
	GlobalSection(SolutionConfigurationPlatforms) = preSolution
		Debug|Any CPU = Debug|Any CPU
		Release|Any CPU = Release|Any CPU
	EndGlobalSection
	GlobalSection(ProjectConfigurationPlatforms) = postSolution
		{B39170A1-552C-498B-9B30-3B42F1EB5098}.Debug|Any CPU.ActiveCfg = Debug|Any CPU
		{B39170A1-552C-498B-9B30-3B42F1EB5098}.Debug|Any CPU.Build.0 = Debug|Any CPU
		{B39170A1-552C-498B-9B30-3B42F1EB5098}.Release|Any CPU.ActiveCfg = Release|Any CPU
		{B39170A1-552C-498B-9B30-3B42F1EB5098}.Release|Any CPU.Build.0 = Release|Any CPU
	EndGlobalSection
	GlobalSection(SolutionProperties) = preSolution
		HideSolutionNode = FALSE
	EndGlobalSection
	GlobalSection(ExtensibilityGlobals) = postSolution
		SolutionGuid = {99F21D21-A617-4EDC-8586-1C8F59A444DF}
	EndGlobalSection
EndGlobal
